
Microsoft Visual Studio Solution File, Format Version 12.00
# Visual Studio Version 17
VisualStudioVersion = 17.0.32014.148
MinimumVisualStudioVersion = 10.0.40219.1
Project("{2150E333-8FDC-42A3-9474-1A3956D46DE8}") = "src", "src", "{F837FF9F-20A6-441B-AF69-5D07EF32B38E}"
EndProject
Project("{9A19103F-16F7-4668-BE54-9A1E7A4F7556}") = "Domain", "src\Domain\Domain.csproj", "{2D599C84-09D6-46FE-ABA4-6B81F0590516}"
EndProject
Project("{9A19103F-16F7-4668-BE54-9A1E7A4F7556}") = "Application", "src\Application\Application.csproj", "{AFD44DAD-A185-4CEF-B913-26BCAB6917F7}"
EndProject
Project("{9A19103F-16F7-4668-BE54-9A1E7A4F7556}") = "Infrastructure", "src\Infrastructure\Infrastructure.csproj", "{AC08A63D-A6AB-443F-AA29-978A0CAD6009}"
EndProject
Project("{9A19103F-16F7-4668-BE54-9A1E7A4F7556}") = "Shared", "src\Shared\Shared.csproj", "{EDDE4DA2-FD55-4DDD-BFFB-DF5D13B9E7AF}"
EndProject
Project("{9A19103F-16F7-4668-BE54-9A1E7A4F7556}") = "WebAPI", "src\WebAPI\WebAPI.csproj", "{45BC213B-0C02-4EFF-891F-AECE4B7803BF}"
EndProject
Project("{9A19103F-16F7-4668-BE54-9A1E7A4F7556}") = "UI", "src\UI\UI.csproj", "{85B9DA81-6E71-4F33-90ED-EC0BF301DEB8}"
EndProject
Project("{9A19103F-16F7-4668-BE54-9A1E7A4F7556}") = "UI.Services", "src\UI.Services\UI.Services.csproj", "{A0BE5BDC-8ECC-47B6-9DD0-ADE241B9EE39}"
EndProject
Global
	GlobalSection(SolutionConfigurationPlatforms) = preSolution
		Debug|Any CPU = Debug|Any CPU
		Release|Any CPU = Release|Any CPU
	EndGlobalSection
	GlobalSection(ProjectConfigurationPlatforms) = postSolution
		{2D599C84-09D6-46FE-ABA4-6B81F0590516}.Debug|Any CPU.ActiveCfg = Debug|Any CPU
		{2D599C84-09D6-46FE-ABA4-6B81F0590516}.Debug|Any CPU.Build.0 = Debug|Any CPU
		{2D599C84-09D6-46FE-ABA4-6B81F0590516}.Release|Any CPU.ActiveCfg = Release|Any CPU
		{2D599C84-09D6-46FE-ABA4-6B81F0590516}.Release|Any CPU.Build.0 = Release|Any CPU
		{AFD44DAD-A185-4CEF-B913-26BCAB6917F7}.Debug|Any CPU.ActiveCfg = Debug|Any CPU
		{AFD44DAD-A185-4CEF-B913-26BCAB6917F7}.Debug|Any CPU.Build.0 = Debug|Any CPU
		{AFD44DAD-A185-4CEF-B913-26BCAB6917F7}.Release|Any CPU.ActiveCfg = Release|Any CPU
		{AFD44DAD-A185-4CEF-B913-26BCAB6917F7}.Release|Any CPU.Build.0 = Release|Any CPU
		{AC08A63D-A6AB-443F-AA29-978A0CAD6009}.Debug|Any CPU.ActiveCfg = Debug|Any CPU
		{AC08A63D-A6AB-443F-AA29-978A0CAD6009}.Debug|Any CPU.Build.0 = Debug|Any CPU
		{AC08A63D-A6AB-443F-AA29-978A0CAD6009}.Release|Any CPU.ActiveCfg = Release|Any CPU
		{AC08A63D-A6AB-443F-AA29-978A0CAD6009}.Release|Any CPU.Build.0 = Release|Any CPU
		{EDDE4DA2-FD55-4DDD-BFFB-DF5D13B9E7AF}.Debug|Any CPU.ActiveCfg = Debug|Any CPU
		{EDDE4DA2-FD55-4DDD-BFFB-DF5D13B9E7AF}.Debug|Any CPU.Build.0 = Debug|Any CPU
		{EDDE4DA2-FD55-4DDD-BFFB-DF5D13B9E7AF}.Release|Any CPU.ActiveCfg = Release|Any CPU
		{EDDE4DA2-FD55-4DDD-BFFB-DF5D13B9E7AF}.Release|Any CPU.Build.0 = Release|Any CPU
		{45BC213B-0C02-4EFF-891F-AECE4B7803BF}.Debug|Any CPU.ActiveCfg = Debug|Any CPU
		{45BC213B-0C02-4EFF-891F-AECE4B7803BF}.Debug|Any CPU.Build.0 = Debug|Any CPU
		{45BC213B-0C02-4EFF-891F-AECE4B7803BF}.Release|Any CPU.ActiveCfg = Release|Any CPU
		{45BC213B-0C02-4EFF-891F-AECE4B7803BF}.Release|Any CPU.Build.0 = Release|Any CPU
		{85B9DA81-6E71-4F33-90ED-EC0BF301DEB8}.Debug|Any CPU.ActiveCfg = Debug|Any CPU
		{85B9DA81-6E71-4F33-90ED-EC0BF301DEB8}.Debug|Any CPU.Build.0 = Debug|Any CPU
		{85B9DA81-6E71-4F33-90ED-EC0BF301DEB8}.Release|Any CPU.ActiveCfg = Release|Any CPU
		{85B9DA81-6E71-4F33-90ED-EC0BF301DEB8}.Release|Any CPU.Build.0 = Release|Any CPU
		{A0BE5BDC-8ECC-47B6-9DD0-ADE241B9EE39}.Debug|Any CPU.ActiveCfg = Debug|Any CPU
		{A0BE5BDC-8ECC-47B6-9DD0-ADE241B9EE39}.Debug|Any CPU.Build.0 = Debug|Any CPU
		{A0BE5BDC-8ECC-47B6-9DD0-ADE241B9EE39}.Release|Any CPU.ActiveCfg = Release|Any CPU
		{A0BE5BDC-8ECC-47B6-9DD0-ADE241B9EE39}.Release|Any CPU.Build.0 = Release|Any CPU
	EndGlobalSection
	GlobalSection(SolutionProperties) = preSolution
		HideSolutionNode = FALSE
	EndGlobalSection
	GlobalSection(NestedProjects) = preSolution
		{2D599C84-09D6-46FE-ABA4-6B81F0590516} = {F837FF9F-20A6-441B-AF69-5D07EF32B38E}
		{AFD44DAD-A185-4CEF-B913-26BCAB6917F7} = {F837FF9F-20A6-441B-AF69-5D07EF32B38E}
		{AC08A63D-A6AB-443F-AA29-978A0CAD6009} = {F837FF9F-20A6-441B-AF69-5D07EF32B38E}
		{EDDE4DA2-FD55-4DDD-BFFB-DF5D13B9E7AF} = {F837FF9F-20A6-441B-AF69-5D07EF32B38E}
		{45BC213B-0C02-4EFF-891F-AECE4B7803BF} = {F837FF9F-20A6-441B-AF69-5D07EF32B38E}
		{85B9DA81-6E71-4F33-90ED-EC0BF301DEB8} = {F837FF9F-20A6-441B-AF69-5D07EF32B38E}
		{A0BE5BDC-8ECC-47B6-9DD0-ADE241B9EE39} = {F837FF9F-20A6-441B-AF69-5D07EF32B38E}
	EndGlobalSection
	GlobalSection(ExtensibilityGlobals) = postSolution
		SolutionGuid = {5ADEF3DE-F35E-4A87-A125-3A736E6A8B2C}
	EndGlobalSection
EndGlobal
